
Microsoft Visual Studio Solution File, Format Version 12.00
# Visual Studio Version 17
VisualStudioVersion = 17.9.34622.214
MinimumVisualStudioVersion = 10.0.40219.1
Project("{2150E333-8FDC-42A3-9474-1A3956D46DE8}") = "Services", "Services", "{4BB13993-9F73-477F-84CB-591F02235673}"
EndProject
Project("{2150E333-8FDC-42A3-9474-1A3956D46DE8}") = "Catalog", "Catalog", "{1148FD45-0A7E-4944-BFA1-8B3DFEE5B38B}"
EndProject
Project("{FAE04EC0-301F-11D3-BF4B-00C04F79EFBC}") = "Catalog.API", "Services\Catalog\Catalog.API\Catalog.API.csproj", "{888F25D9-0F29-4FC7-926D-EA61C636651B}"
EndProject
Global
	GlobalSection(SolutionConfigurationPlatforms) = preSolution
		Debug|Any CPU = Debug|Any CPU
		Release|Any CPU = Release|Any CPU
	EndGlobalSection
	GlobalSection(ProjectConfigurationPlatforms) = postSolution
		{888F25D9-0F29-4FC7-926D-EA61C636651B}.Debug|Any CPU.ActiveCfg = Debug|Any CPU
		{888F25D9-0F29-4FC7-926D-EA61C636651B}.Debug|Any CPU.Build.0 = Debug|Any CPU
		{888F25D9-0F29-4FC7-926D-EA61C636651B}.Release|Any CPU.ActiveCfg = Release|Any CPU
		{888F25D9-0F29-4FC7-926D-EA61C636651B}.Release|Any CPU.Build.0 = Release|Any CPU
	EndGlobalSection
	GlobalSection(SolutionProperties) = preSolution
		HideSolutionNode = FALSE
	EndGlobalSection
	GlobalSection(NestedProjects) = preSolution
		{1148FD45-0A7E-4944-BFA1-8B3DFEE5B38B} = {4BB13993-9F73-477F-84CB-591F02235673}
		{888F25D9-0F29-4FC7-926D-EA61C636651B} = {1148FD45-0A7E-4944-BFA1-8B3DFEE5B38B}
	EndGlobalSection
	GlobalSection(ExtensibilityGlobals) = postSolution
		SolutionGuid = {A0608B3C-D272-4F4D-BDDF-846127EE47CD}
	EndGlobalSection
EndGlobal
