
Microsoft Visual Studio Solution File, Format Version 12.00
# Visual Studio Version 17
VisualStudioVersion = 17.9.34622.214
MinimumVisualStudioVersion = 10.0.40219.1
Project("{2150E333-8FDC-42A3-9474-1A3956D46DE8}") = "Services", "Services", "{4BB13993-9F73-477F-84CB-591F02235673}"
EndProject
Project("{2150E333-8FDC-42A3-9474-1A3956D46DE8}") = "Catalog", "Catalog", "{1148FD45-0A7E-4944-BFA1-8B3DFEE5B38B}"
EndProject
Project("{9A19103F-16F7-4668-BE54-9A1E7A4F7556}") = "Catalog.API", "Services\Catalog\Catalog.API\Catalog.API.csproj", "{888F25D9-0F29-4FC7-926D-EA61C636651B}"
EndProject
Project("{E53339B2-1760-4266-BCC7-CA923CBCF16C}") = "docker-compose", "docker-compose.dcproj", "{9EC7D3B5-79D0-4FBE-93D0-01F5A47A1A1E}"
EndProject
Project("{2150E333-8FDC-42A3-9474-1A3956D46DE8}") = "Shared", "Shared", "{49F5E5A7-3104-4F2C-A19D-EBF60E8738AB}"
EndProject
Project("{FAE04EC0-301F-11D3-BF4B-00C04F79EFBC}") = "Shared", "Services\Shared\Shared.csproj", "{49BB59EA-6012-4B45-B179-AA7059FC36A6}"
EndProject
Project("{FAE04EC0-301F-11D3-BF4B-00C04F79EFBC}") = "Catalog.API.IntegrationTests", "Services\Catalog\Catalog.API.IntegrationTests\Catalog.API.IntegrationTests.csproj", "{36E0B0E7-5178-4992-B7B1-653583014FEC}"
EndProject
Project("{2150E333-8FDC-42A3-9474-1A3956D46DE8}") = "Basket", "Basket", "{FDDE0C33-B1D1-4407-837F-049395195A33}"
EndProject
Project("{FAE04EC0-301F-11D3-BF4B-00C04F79EFBC}") = "Basket.API", "Services\Basket\Basket.API\Basket.API.csproj", "{3DE44762-E665-44D7-8CB7-C51A61531E10}"
EndProject
Project("{FAE04EC0-301F-11D3-BF4B-00C04F79EFBC}") = "Basket.API.IntegrationTests", "Services\Basket\Basket.API.IntegrationTests\Basket.API.IntegrationTests.csproj", "{AC4AB545-33AC-47DD-89A0-25396FEA2A92}"
EndProject
Project("{2150E333-8FDC-42A3-9474-1A3956D46DE8}") = "Discount", "Discount", "{A48AF143-CAA7-43EA-B221-66BD79E842FD}"
EndProject
Project("{FAE04EC0-301F-11D3-BF4B-00C04F79EFBC}") = "Discount.Grpc", "Services\Discount\Discount.Grpc\Discount.Grpc.csproj", "{622A7F33-16AC-4C7A-B87F-D4F23C39957C}"
EndProject
Project("{FAE04EC0-301F-11D3-BF4B-00C04F79EFBC}") = "Discount.Grpc.IntegrationTests", "Services\Discount\Discount.Grpc.IntegrationTests\Discount.Grpc.IntegrationTests.csproj", "{D300EFA4-FB96-4E30-8DDB-680A27C1A925}"
EndProject
Project("{2150E333-8FDC-42A3-9474-1A3956D46DE8}") = "Order.Command", "Order.Command", "{42EFD55E-0787-4C86-A9AB-B2FD324922CE}"
EndProject
Project("{FAE04EC0-301F-11D3-BF4B-00C04F79EFBC}") = "Order.Command.API", "Services\Order.Command\Order.Command.API\Order.Command.API.csproj", "{C83D8C74-2BC8-46E1-A989-E4CF36F8876D}"
EndProject
Project("{FAE04EC0-301F-11D3-BF4B-00C04F79EFBC}") = "Order.Command.Domain", "Services\Order.Command\Order.Command.Domain\Order.Command.Domain.csproj", "{6C25F13F-7060-431E-A5EE-AA7A74D6A34E}"
EndProject
Project("{FAE04EC0-301F-11D3-BF4B-00C04F79EFBC}") = "Order.Command.Application", "Services\Order.Command\Order.Command.Application\Order.Command.Application.csproj", "{554BCD5C-17B1-4B58-82C1-B37A239B7473}"
EndProject
Project("{FAE04EC0-301F-11D3-BF4B-00C04F79EFBC}") = "Order.Command.Infrastructure", "Services\Order.Command\Order.Command.Infrastructure\Order.Command.Infrastructure.csproj", "{54407484-10F0-4BA6-965B-9880799391FB}"
EndProject
Project("{2150E333-8FDC-42A3-9474-1A3956D46DE8}") = "Build", "Build", "{4676C07F-D243-48AB-AF97-20C6B606F9DD}"
	ProjectSection(SolutionItems) = preProject
		Directory.Packages.props = Directory.Packages.props
	EndProjectSection
EndProject
Project("{FAE04EC0-301F-11D3-BF4B-00C04F79EFBC}") = "Order.Command.API.IntegrationTests", "Services\Order.Command\Order.Command.API.IntegrationTests\Order.Command.API.IntegrationTests.csproj", "{73EE7B5B-F93F-4270-87C1-D123FD9EE4D8}"
EndProject
Project("{2150E333-8FDC-42A3-9474-1A3956D46DE8}") = "Identity", "Identity", "{C6DE6FC7-425C-4527-A444-FC1127DC5519}"
EndProject
Project("{FAE04EC0-301F-11D3-BF4B-00C04F79EFBC}") = "Identity.API", "Services\Identity\Identity.API\Identity.API.csproj", "{423A93F6-3CA2-41ED-A78F-E1D72F00D203}"
EndProject
Project("{FAE04EC0-301F-11D3-BF4B-00C04F79EFBC}") = "IntegrationTests.Common", "Services\IntegrationTests.Common\IntegrationTests.Common.csproj", "{13BE82D1-A23D-45DC-B6D1-A910BB0BE61F}"
EndProject
Project("{2150E333-8FDC-42A3-9474-1A3956D46DE8}") = "Order.Query", "Order.Query", "{1E272C52-FE11-4EF6-A037-A9B642580F39}"
EndProject
Project("{FAE04EC0-301F-11D3-BF4B-00C04F79EFBC}") = "Order.Query.EventProcessor", "Services\Order.Query\Order.Query.EventProcessor\Order.Query.EventProcessor.csproj", "{C6808584-3280-422C-98B0-9CBC1AC4AA65}"
EndProject
Project("{FAE04EC0-301F-11D3-BF4B-00C04F79EFBC}") = "Order.Query.EventProcessor.IntegrationTests", "Services\Order.Query\Order.Query.EventProcessor.IntegrationTests\Order.Query.EventProcessor.IntegrationTests.csproj", "{7F1F25BC-4AC6-4119-B666-E9A2534F41A7}"
EndProject
Project("{FAE04EC0-301F-11D3-BF4B-00C04F79EFBC}") = "Order.Query.API", "Services\Order.Query\Order.Query.API\Order.Query.API.csproj", "{DE25C24A-928D-4B67-81FB-204E93635EFF}"
EndProject
Project("{FAE04EC0-301F-11D3-BF4B-00C04F79EFBC}") = "Order.Query.API.IntegrationTests", "Services\Order.Query\Order.Query.API.IntegrationTests\Order.Query.API.IntegrationTests.csproj", "{9D54D4DA-8BA3-481C-87E5-2A4577E734FE}"
EndProject
Project("{FAE04EC0-301F-11D3-BF4B-00C04F79EFBC}") = "Order.Query", "Services\Order.Query\Order.Query\Order.Query.csproj", "{4FB5A90F-B8AF-49F7-8A04-D7977A5DA5DA}"
EndProject
Global
	GlobalSection(SolutionConfigurationPlatforms) = preSolution
		Debug|Any CPU = Debug|Any CPU
		Release|Any CPU = Release|Any CPU
	EndGlobalSection
	GlobalSection(ProjectConfigurationPlatforms) = postSolution
		{888F25D9-0F29-4FC7-926D-EA61C636651B}.Debug|Any CPU.ActiveCfg = Debug|Any CPU
		{888F25D9-0F29-4FC7-926D-EA61C636651B}.Debug|Any CPU.Build.0 = Debug|Any CPU
		{888F25D9-0F29-4FC7-926D-EA61C636651B}.Release|Any CPU.ActiveCfg = Release|Any CPU
		{888F25D9-0F29-4FC7-926D-EA61C636651B}.Release|Any CPU.Build.0 = Release|Any CPU
		{9EC7D3B5-79D0-4FBE-93D0-01F5A47A1A1E}.Debug|Any CPU.ActiveCfg = Debug|Any CPU
		{9EC7D3B5-79D0-4FBE-93D0-01F5A47A1A1E}.Debug|Any CPU.Build.0 = Debug|Any CPU
		{9EC7D3B5-79D0-4FBE-93D0-01F5A47A1A1E}.Release|Any CPU.ActiveCfg = Release|Any CPU
		{9EC7D3B5-79D0-4FBE-93D0-01F5A47A1A1E}.Release|Any CPU.Build.0 = Release|Any CPU
		{49BB59EA-6012-4B45-B179-AA7059FC36A6}.Debug|Any CPU.ActiveCfg = Debug|Any CPU
		{49BB59EA-6012-4B45-B179-AA7059FC36A6}.Debug|Any CPU.Build.0 = Debug|Any CPU
		{49BB59EA-6012-4B45-B179-AA7059FC36A6}.Release|Any CPU.ActiveCfg = Release|Any CPU
		{49BB59EA-6012-4B45-B179-AA7059FC36A6}.Release|Any CPU.Build.0 = Release|Any CPU
		{36E0B0E7-5178-4992-B7B1-653583014FEC}.Debug|Any CPU.ActiveCfg = Debug|Any CPU
		{36E0B0E7-5178-4992-B7B1-653583014FEC}.Debug|Any CPU.Build.0 = Debug|Any CPU
		{36E0B0E7-5178-4992-B7B1-653583014FEC}.Release|Any CPU.ActiveCfg = Release|Any CPU
		{36E0B0E7-5178-4992-B7B1-653583014FEC}.Release|Any CPU.Build.0 = Release|Any CPU
		{3DE44762-E665-44D7-8CB7-C51A61531E10}.Debug|Any CPU.ActiveCfg = Debug|Any CPU
		{3DE44762-E665-44D7-8CB7-C51A61531E10}.Debug|Any CPU.Build.0 = Debug|Any CPU
		{3DE44762-E665-44D7-8CB7-C51A61531E10}.Release|Any CPU.ActiveCfg = Release|Any CPU
		{3DE44762-E665-44D7-8CB7-C51A61531E10}.Release|Any CPU.Build.0 = Release|Any CPU
		{AC4AB545-33AC-47DD-89A0-25396FEA2A92}.Debug|Any CPU.ActiveCfg = Debug|Any CPU
		{AC4AB545-33AC-47DD-89A0-25396FEA2A92}.Debug|Any CPU.Build.0 = Debug|Any CPU
		{AC4AB545-33AC-47DD-89A0-25396FEA2A92}.Release|Any CPU.ActiveCfg = Release|Any CPU
		{AC4AB545-33AC-47DD-89A0-25396FEA2A92}.Release|Any CPU.Build.0 = Release|Any CPU
		{622A7F33-16AC-4C7A-B87F-D4F23C39957C}.Debug|Any CPU.ActiveCfg = Debug|Any CPU
		{622A7F33-16AC-4C7A-B87F-D4F23C39957C}.Debug|Any CPU.Build.0 = Debug|Any CPU
		{622A7F33-16AC-4C7A-B87F-D4F23C39957C}.Release|Any CPU.ActiveCfg = Release|Any CPU
		{622A7F33-16AC-4C7A-B87F-D4F23C39957C}.Release|Any CPU.Build.0 = Release|Any CPU
		{D300EFA4-FB96-4E30-8DDB-680A27C1A925}.Debug|Any CPU.ActiveCfg = Debug|Any CPU
		{D300EFA4-FB96-4E30-8DDB-680A27C1A925}.Debug|Any CPU.Build.0 = Debug|Any CPU
		{D300EFA4-FB96-4E30-8DDB-680A27C1A925}.Release|Any CPU.ActiveCfg = Release|Any CPU
		{D300EFA4-FB96-4E30-8DDB-680A27C1A925}.Release|Any CPU.Build.0 = Release|Any CPU
		{C83D8C74-2BC8-46E1-A989-E4CF36F8876D}.Debug|Any CPU.ActiveCfg = Debug|Any CPU
		{C83D8C74-2BC8-46E1-A989-E4CF36F8876D}.Debug|Any CPU.Build.0 = Debug|Any CPU
		{C83D8C74-2BC8-46E1-A989-E4CF36F8876D}.Release|Any CPU.ActiveCfg = Release|Any CPU
		{C83D8C74-2BC8-46E1-A989-E4CF36F8876D}.Release|Any CPU.Build.0 = Release|Any CPU
		{6C25F13F-7060-431E-A5EE-AA7A74D6A34E}.Debug|Any CPU.ActiveCfg = Debug|Any CPU
		{6C25F13F-7060-431E-A5EE-AA7A74D6A34E}.Debug|Any CPU.Build.0 = Debug|Any CPU
		{6C25F13F-7060-431E-A5EE-AA7A74D6A34E}.Release|Any CPU.ActiveCfg = Release|Any CPU
		{6C25F13F-7060-431E-A5EE-AA7A74D6A34E}.Release|Any CPU.Build.0 = Release|Any CPU
		{554BCD5C-17B1-4B58-82C1-B37A239B7473}.Debug|Any CPU.ActiveCfg = Debug|Any CPU
		{554BCD5C-17B1-4B58-82C1-B37A239B7473}.Debug|Any CPU.Build.0 = Debug|Any CPU
		{554BCD5C-17B1-4B58-82C1-B37A239B7473}.Release|Any CPU.ActiveCfg = Release|Any CPU
		{554BCD5C-17B1-4B58-82C1-B37A239B7473}.Release|Any CPU.Build.0 = Release|Any CPU
		{54407484-10F0-4BA6-965B-9880799391FB}.Debug|Any CPU.ActiveCfg = Debug|Any CPU
		{54407484-10F0-4BA6-965B-9880799391FB}.Debug|Any CPU.Build.0 = Debug|Any CPU
		{54407484-10F0-4BA6-965B-9880799391FB}.Release|Any CPU.ActiveCfg = Release|Any CPU
		{54407484-10F0-4BA6-965B-9880799391FB}.Release|Any CPU.Build.0 = Release|Any CPU
		{73EE7B5B-F93F-4270-87C1-D123FD9EE4D8}.Debug|Any CPU.ActiveCfg = Debug|Any CPU
		{73EE7B5B-F93F-4270-87C1-D123FD9EE4D8}.Debug|Any CPU.Build.0 = Debug|Any CPU
		{73EE7B5B-F93F-4270-87C1-D123FD9EE4D8}.Release|Any CPU.ActiveCfg = Release|Any CPU
		{73EE7B5B-F93F-4270-87C1-D123FD9EE4D8}.Release|Any CPU.Build.0 = Release|Any CPU
		{423A93F6-3CA2-41ED-A78F-E1D72F00D203}.Debug|Any CPU.ActiveCfg = Debug|Any CPU
		{423A93F6-3CA2-41ED-A78F-E1D72F00D203}.Debug|Any CPU.Build.0 = Debug|Any CPU
		{423A93F6-3CA2-41ED-A78F-E1D72F00D203}.Release|Any CPU.ActiveCfg = Release|Any CPU
		{423A93F6-3CA2-41ED-A78F-E1D72F00D203}.Release|Any CPU.Build.0 = Release|Any CPU
		{13BE82D1-A23D-45DC-B6D1-A910BB0BE61F}.Debug|Any CPU.ActiveCfg = Debug|Any CPU
		{13BE82D1-A23D-45DC-B6D1-A910BB0BE61F}.Debug|Any CPU.Build.0 = Debug|Any CPU
		{13BE82D1-A23D-45DC-B6D1-A910BB0BE61F}.Release|Any CPU.ActiveCfg = Release|Any CPU
		{13BE82D1-A23D-45DC-B6D1-A910BB0BE61F}.Release|Any CPU.Build.0 = Release|Any CPU
		{C6808584-3280-422C-98B0-9CBC1AC4AA65}.Debug|Any CPU.ActiveCfg = Debug|Any CPU
		{C6808584-3280-422C-98B0-9CBC1AC4AA65}.Debug|Any CPU.Build.0 = Debug|Any CPU
		{C6808584-3280-422C-98B0-9CBC1AC4AA65}.Release|Any CPU.ActiveCfg = Release|Any CPU
		{C6808584-3280-422C-98B0-9CBC1AC4AA65}.Release|Any CPU.Build.0 = Release|Any CPU
		{7F1F25BC-4AC6-4119-B666-E9A2534F41A7}.Debug|Any CPU.ActiveCfg = Debug|Any CPU
		{7F1F25BC-4AC6-4119-B666-E9A2534F41A7}.Debug|Any CPU.Build.0 = Debug|Any CPU
		{7F1F25BC-4AC6-4119-B666-E9A2534F41A7}.Release|Any CPU.ActiveCfg = Release|Any CPU
		{7F1F25BC-4AC6-4119-B666-E9A2534F41A7}.Release|Any CPU.Build.0 = Release|Any CPU
		{DE25C24A-928D-4B67-81FB-204E93635EFF}.Debug|Any CPU.ActiveCfg = Debug|Any CPU
		{DE25C24A-928D-4B67-81FB-204E93635EFF}.Debug|Any CPU.Build.0 = Debug|Any CPU
		{DE25C24A-928D-4B67-81FB-204E93635EFF}.Release|Any CPU.ActiveCfg = Release|Any CPU
		{DE25C24A-928D-4B67-81FB-204E93635EFF}.Release|Any CPU.Build.0 = Release|Any CPU
		{9D54D4DA-8BA3-481C-87E5-2A4577E734FE}.Debug|Any CPU.ActiveCfg = Debug|Any CPU
		{9D54D4DA-8BA3-481C-87E5-2A4577E734FE}.Debug|Any CPU.Build.0 = Debug|Any CPU
		{9D54D4DA-8BA3-481C-87E5-2A4577E734FE}.Release|Any CPU.ActiveCfg = Release|Any CPU
		{9D54D4DA-8BA3-481C-87E5-2A4577E734FE}.Release|Any CPU.Build.0 = Release|Any CPU
		{4FB5A90F-B8AF-49F7-8A04-D7977A5DA5DA}.Debug|Any CPU.ActiveCfg = Debug|Any CPU
		{4FB5A90F-B8AF-49F7-8A04-D7977A5DA5DA}.Debug|Any CPU.Build.0 = Debug|Any CPU
		{4FB5A90F-B8AF-49F7-8A04-D7977A5DA5DA}.Release|Any CPU.ActiveCfg = Release|Any CPU
		{4FB5A90F-B8AF-49F7-8A04-D7977A5DA5DA}.Release|Any CPU.Build.0 = Release|Any CPU
	EndGlobalSection
	GlobalSection(SolutionProperties) = preSolution
		HideSolutionNode = FALSE
	EndGlobalSection
	GlobalSection(NestedProjects) = preSolution
		{1148FD45-0A7E-4944-BFA1-8B3DFEE5B38B} = {4BB13993-9F73-477F-84CB-591F02235673}
		{888F25D9-0F29-4FC7-926D-EA61C636651B} = {1148FD45-0A7E-4944-BFA1-8B3DFEE5B38B}
		{49F5E5A7-3104-4F2C-A19D-EBF60E8738AB} = {4BB13993-9F73-477F-84CB-591F02235673}
		{49BB59EA-6012-4B45-B179-AA7059FC36A6} = {49F5E5A7-3104-4F2C-A19D-EBF60E8738AB}
		{36E0B0E7-5178-4992-B7B1-653583014FEC} = {1148FD45-0A7E-4944-BFA1-8B3DFEE5B38B}
		{FDDE0C33-B1D1-4407-837F-049395195A33} = {4BB13993-9F73-477F-84CB-591F02235673}
		{3DE44762-E665-44D7-8CB7-C51A61531E10} = {FDDE0C33-B1D1-4407-837F-049395195A33}
		{AC4AB545-33AC-47DD-89A0-25396FEA2A92} = {FDDE0C33-B1D1-4407-837F-049395195A33}
		{A48AF143-CAA7-43EA-B221-66BD79E842FD} = {4BB13993-9F73-477F-84CB-591F02235673}
		{622A7F33-16AC-4C7A-B87F-D4F23C39957C} = {A48AF143-CAA7-43EA-B221-66BD79E842FD}
		{D300EFA4-FB96-4E30-8DDB-680A27C1A925} = {A48AF143-CAA7-43EA-B221-66BD79E842FD}
		{42EFD55E-0787-4C86-A9AB-B2FD324922CE} = {4BB13993-9F73-477F-84CB-591F02235673}
		{C83D8C74-2BC8-46E1-A989-E4CF36F8876D} = {42EFD55E-0787-4C86-A9AB-B2FD324922CE}
		{6C25F13F-7060-431E-A5EE-AA7A74D6A34E} = {42EFD55E-0787-4C86-A9AB-B2FD324922CE}
		{554BCD5C-17B1-4B58-82C1-B37A239B7473} = {42EFD55E-0787-4C86-A9AB-B2FD324922CE}
		{54407484-10F0-4BA6-965B-9880799391FB} = {42EFD55E-0787-4C86-A9AB-B2FD324922CE}
		{73EE7B5B-F93F-4270-87C1-D123FD9EE4D8} = {42EFD55E-0787-4C86-A9AB-B2FD324922CE}
		{C6DE6FC7-425C-4527-A444-FC1127DC5519} = {4BB13993-9F73-477F-84CB-591F02235673}
		{423A93F6-3CA2-41ED-A78F-E1D72F00D203} = {C6DE6FC7-425C-4527-A444-FC1127DC5519}
		{13BE82D1-A23D-45DC-B6D1-A910BB0BE61F} = {4BB13993-9F73-477F-84CB-591F02235673}
		{1E272C52-FE11-4EF6-A037-A9B642580F39} = {4BB13993-9F73-477F-84CB-591F02235673}
		{C6808584-3280-422C-98B0-9CBC1AC4AA65} = {1E272C52-FE11-4EF6-A037-A9B642580F39}
		{7F1F25BC-4AC6-4119-B666-E9A2534F41A7} = {1E272C52-FE11-4EF6-A037-A9B642580F39}
		{DE25C24A-928D-4B67-81FB-204E93635EFF} = {1E272C52-FE11-4EF6-A037-A9B642580F39}
		{9D54D4DA-8BA3-481C-87E5-2A4577E734FE} = {1E272C52-FE11-4EF6-A037-A9B642580F39}
		{4FB5A90F-B8AF-49F7-8A04-D7977A5DA5DA} = {1E272C52-FE11-4EF6-A037-A9B642580F39}
		{9EC7D3B5-79D0-4FBE-93D0-01F5A47A1A1E} = {4676C07F-D243-48AB-AF97-20C6B606F9DD}
	EndGlobalSection
	GlobalSection(ExtensibilityGlobals) = postSolution
		SolutionGuid = {A0608B3C-D272-4F4D-BDDF-846127EE47CD}
	EndGlobalSection
EndGlobal
